
Microsoft Visual Studio Solution File, Format Version 12.00
# Visual Studio 15
VisualStudioVersion = 15.0.27703.2042
MinimumVisualStudioVersion = 10.0.40219.1
Project("{FAE04EC0-301F-11D3-BF4B-00C04F79EFBC}") = "Web", "Web\Web.csproj", "{AAE3B796-72D7-42D5-8341-F2B1BAE3B18B}"
EndProject
Global
	GlobalSection(SolutionConfigurationPlatforms) = preSolution
		Debug|Any CPU = Debug|Any CPU
		Release|Any CPU = Release|Any CPU
	EndGlobalSection
	GlobalSection(ProjectConfigurationPlatforms) = postSolution
		{AAE3B796-72D7-42D5-8341-F2B1BAE3B18B}.Debug|Any CPU.ActiveCfg = Debug|Any CPU
		{AAE3B796-72D7-42D5-8341-F2B1BAE3B18B}.Debug|Any CPU.Build.0 = Debug|Any CPU
		{AAE3B796-72D7-42D5-8341-F2B1BAE3B18B}.Release|Any CPU.ActiveCfg = Release|Any CPU
		{AAE3B796-72D7-42D5-8341-F2B1BAE3B18B}.Release|Any CPU.Build.0 = Release|Any CPU
	EndGlobalSection
	GlobalSection(SolutionProperties) = preSolution
		HideSolutionNode = FALSE
	EndGlobalSection
	GlobalSection(ExtensibilityGlobals) = postSolution
		SolutionGuid = {56F8E06C-D892-4232-A895-0F8FA518ED15}
	EndGlobalSection
EndGlobal
